PODS:
  - CloverConnector (1.2.0.b):
    - ObjectMapper (= 1.5.0)
    - Starscream (= 1.1.4)
    - SwiftyJSON (= 2.4.0)
  - ObjectMapper (1.5.0)
  - Starscream (1.1.4)
  - SwiftyJSON (2.4.0)

DEPENDENCIES:
  - CloverConnector (from `../`)

EXTERNAL SOURCES:
  CloverConnector:
    :path: ../

SPEC CHECKSUMS:
  CloverConnector: 43214907ba7e7526768b7913f3d9fe977f7d47e4
  ObjectMapper: 386645adca9d9d23b95eda43090b09d66444cf14
  Starscream: f919aeaf81afca6d5d4d3e5f6dd136ec92af2aa1
  SwiftyJSON: 96918c1bf505efa50c4f72957018dd3452090c9c

PODFILE CHECKSUM: 28fa31b2e3d9f9ffbae69d4d44c794ed450f7a4e

COCOAPODS: 1.2.1
