PODS:
  - CloverConnector (1.3.1-RC1):
    - ObjectMapper (= 1.5.0)
    - Starscream (= 1.1.4)
    - SwiftyJSON (= 2.4.0)
  - ObjectMapper (1.5.0)
  - Starscream (1.1.4)
  - SwiftyJSON (2.4.0)

DEPENDENCIES:
  - CloverConnector (from `../`)

EXTERNAL SOURCES:
  CloverConnector:
    :path: ../

SPEC CHECKSUMS:
  CloverConnector: 0577ee3feceb8e3cb75e67d72d62398f6851b7ef
  ObjectMapper: 386645adca9d9d23b95eda43090b09d66444cf14
  Starscream: f919aeaf81afca6d5d4d3e5f6dd136ec92af2aa1
  SwiftyJSON: 96918c1bf505efa50c4f72957018dd3452090c9c

PODFILE CHECKSUM: e83834b05f7b15a351b4297bae90dd1510bb07a5

COCOAPODS: 1.2.1
