// !$*UTF8*$!
{
	archiveVersion = 1;
	classes = {
	};
	objectVersion = 46;
	objects = {

/* Begin PBXBuildFile section */
		607FACD61AFB9204008FA782 /* AppDelegate.swift in Sources */ = {isa = PBXBuildFile; fileRef = 607FACD51AFB9204008FA782 /* AppDelegate.swift */; };
		607FACD81AFB9204008FA782 /* ViewController.swift in Sources */ = {isa = PBXBuildFile; fileRef = 607FACD71AFB9204008FA782 /* ViewController.swift */; };
		607FACDB1AFB9204008FA782 /* Main.storyboard in Resources */ = {isa = PBXBuildFile; fileRef = 607FACD91AFB9204008FA782 /* Main.storyboard */; };
		72A845A71F6B382300BDF1B9 /* PrintTestViewController.swift in Sources */ = {isa = PBXBuildFile; fileRef = 72A845A61F6B382300BDF1B9 /* PrintTestViewController.swift */; };
		7E12A34A1E6E011F00EF7458 /* TestDetailsViewController.swift in Sources */ = {isa = PBXBuildFile; fileRef = 7E12A3491E6E011F00EF7458 /* TestDetailsViewController.swift */; };
		7E22E3711E38723700E61A11 /* clover_cacerts.p12 in Resources */ = {isa = PBXBuildFile; fileRef = 7E22E3701E38723700E61A11 /* clover_cacerts.p12 */; };
		7E41B1FB1E5386A60065AF21 /* ManualRefundViewController.swift in Sources */ = {isa = PBXBuildFile; fileRef = 7E41B1FA1E5386A60065AF21 /* ManualRefundViewController.swift */; };
		7E41B1FD1E5386E40065AF21 /* PreAuthViewController.swift in Sources */ = {isa = PBXBuildFile; fileRef = 7E41B1FC1E5386E40065AF21 /* PreAuthViewController.swift */; };
		7E41B1FF1E5387200065AF21 /* VaultCardViewController.swift in Sources */ = {isa = PBXBuildFile; fileRef = 7E41B1FE1E5387200065AF21 /* VaultCardViewController.swift */; };
		7E84F8FF1E60AD35003A70B2 /* UITestTableCell.swift in Sources */ = {isa = PBXBuildFile; fileRef = 7E84F8FE1E60AD35003A70B2 /* UITestTableCell.swift */; };
		7EC6DF141D90472D00D852EF /* Assets.xcassets in Resources */ = {isa = PBXBuildFile; fileRef = 7EC6DEF61D90472D00D852EF /* Assets.xcassets */; };
		7EC6DF151D90472D00D852EF /* AvailableItemCollectionViewCell.swift in Sources */ = {isa = PBXBuildFile; fileRef = 7EC6DEF71D90472D00D852EF /* AvailableItemCollectionViewCell.swift */; };
		7EC6DF161D90472D00D852EF /* AvailableItems.xib in Resources */ = {isa = PBXBuildFile; fileRef = 7EC6DEF81D90472D00D852EF /* AvailableItems.xib */; };
		7EC6DF171D90472D00D852EF /* LaunchScreen.storyboard in Resources */ = {isa = PBXBuildFile; fileRef = 7EC6DEFA1D90472D00D852EF /* LaunchScreen.storyboard */; };
		7EC6DF181D90472D00D852EF /* Main.storyboard in Resources */ = {isa = PBXBuildFile; fileRef = 7EC6DEFC1D90472D00D852EF /* Main.storyboard */; };
		7EC6DF191D90472D00D852EF /* BaseUISplitViewController.swift in Sources */ = {isa = PBXBuildFile; fileRef = 7EC6DEFE1D90472D00D852EF /* BaseUISplitViewController.swift */; };
		7EC6DF1A1D90472D00D852EF /* CloverConnectorListener.swift in Sources */ = {isa = PBXBuildFile; fileRef = 7EC6DEFF1D90472D00D852EF /* CloverConnectorListener.swift */; };
		7EC6DF1B1D90472D00D852EF /* CurrencyUtils.swift in Sources */ = {isa = PBXBuildFile; fileRef = 7EC6DF001D90472D00D852EF /* CurrencyUtils.swift */; };
		7EC6DF1C1D90472D00D852EF /* CurrentOrderListItemTableCell.swift in Sources */ = {isa = PBXBuildFile; fileRef = 7EC6DF011D90472D00D852EF /* CurrentOrderListItemTableCell.swift */; };
		7EC6DF1E1D90472D00D852EF /* MiscViewController.swift in Sources */ = {isa = PBXBuildFile; fileRef = 7EC6DF041D90472D00D852EF /* MiscViewController.swift */; };
		7EC6DF1F1D90472D00D852EF /* OrdersTableViewController.swift in Sources */ = {isa = PBXBuildFile; fileRef = 7EC6DF051D90472D00D852EF /* OrdersTableViewController.swift */; };
		7EC6DF211D90472D00D852EF /* POSCard.swift in Sources */ = {isa = PBXBuildFile; fileRef = 7EC6DF071D90472D00D852EF /* POSCard.swift */; };
		7EC6DF221D90472D00D852EF /* POSDiscount.swift in Sources */ = {isa = PBXBuildFile; fileRef = 7EC6DF081D90472D00D852EF /* POSDiscount.swift */; };
		7EC6DF231D90472D00D852EF /* POSExchange.swift in Sources */ = {isa = PBXBuildFile; fileRef = 7EC6DF091D90472D00D852EF /* POSExchange.swift */; };
		7EC6DF241D90472D00D852EF /* POSItem.swift in Sources */ = {isa = PBXBuildFile; fileRef = 7EC6DF0A1D90472D00D852EF /* POSItem.swift */; };
		7EC6DF251D90472D00D852EF /* POSLineItem.swift in Sources */ = {isa = PBXBuildFile; fileRef = 7EC6DF0B1D90472D00D852EF /* POSLineItem.swift */; };
		7EC6DF261D90472D00D852EF /* POSOrder.swift in Sources */ = {isa = PBXBuildFile; fileRef = 7EC6DF0C1D90472D00D852EF /* POSOrder.swift */; };
		7EC6DF271D90472D00D852EF /* POSOrderItem.swift in Sources */ = {isa = PBXBuildFile; fileRef = 7EC6DF0D1D90472D00D852EF /* POSOrderItem.swift */; };
		7EC6DF281D90472D00D852EF /* POSPayment.swift in Sources */ = {isa = PBXBuildFile; fileRef = 7EC6DF0E1D90472D00D852EF /* POSPayment.swift */; };
		7EC6DF291D90472D00D852EF /* POSRefund.swift in Sources */ = {isa = PBXBuildFile; fileRef = 7EC6DF0F1D90472D00D852EF /* POSRefund.swift */; };
		7EC6DF2A1D90472D00D852EF /* POSStore.swift in Sources */ = {isa = PBXBuildFile; fileRef = 7EC6DF101D90472D00D852EF /* POSStore.swift */; };
		7EC6DF2B1D90472D00D852EF /* RegisterViewController.swift in Sources */ = {isa = PBXBuildFile; fileRef = 7EC6DF111D90472D00D852EF /* RegisterViewController.swift */; };
		7EC6DF2C1D90472D00D852EF /* SignatureView.swift in Sources */ = {isa = PBXBuildFile; fileRef = 7EC6DF121D90472D00D852EF /* SignatureView.swift */; };
		7EC6DF2D1D90472D00D852EF /* SignatureViewController.swift in Sources */ = {isa = PBXBuildFile; fileRef = 7EC6DF131D90472D00D852EF /* SignatureViewController.swift */; };
		7EC74A4E1D91BB8800D0CBBF /* TestViewController.swift in Sources */ = {isa = PBXBuildFile; fileRef = 7EC74A4D1D91BB8800D0CBBF /* TestViewController.swift */; };
		7EC74A501D91BCA000D0CBBF /* TestCloverConnectorListener.swift in Sources */ = {isa = PBXBuildFile; fileRef = 7EC74A4F1D91BCA000D0CBBF /* TestCloverConnectorListener.swift */; };
		7EC74A521D91C32E00D0CBBF /* TabController.swift in Sources */ = {isa = PBXBuildFile; fileRef = 7EC74A511D91C32E00D0CBBF /* TabController.swift */; };
		7ED6963D1EB7B8AE0010032A /* POSNakedRefund.swift in Sources */ = {isa = PBXBuildFile; fileRef = 7ED6963C1EB7B8AE0010032A /* POSNakedRefund.swift */; };
		7EEB272A1D9C0E640017879B /* OrderDetailsViewController.swift in Sources */ = {isa = PBXBuildFile; fileRef = 7EEB27291D9C0E640017879B /* OrderDetailsViewController.swift */; };
		7EEB720D1EAFFA81008E641D /* SimpleTestViewController.swift in Sources */ = {isa = PBXBuildFile; fileRef = 7EEB720C1EAFFA81008E641D /* SimpleTestViewController.swift */; };
		A49F5B4A199432BBE7EAF0C4 /* Pods_CloverConnector_Tests.framework in Frameworks */ = {isa = PBXBuildFile; fileRef = 60BF16A62156B0D50E349B58 /* Pods_CloverConnector_Tests.framework */; };
		DA6BFE5D963C68DE0967E1A7 /* Pods_CloverConnector_Example.framework in Frameworks */ = {isa = PBXBuildFile; fileRef = 95D7B135DBBE64C88249EB84 /* Pods_CloverConnector_Example.framework */; };
/* End PBXBuildFile section */

/* Begin PBXContainerItemProxy section */
		607FACE61AFB9204008FA782 /* PBXContainerItemProxy */ = {
			isa = PBXContainerItemProxy;
			containerPortal = 607FACC81AFB9204008FA782 /* Project object */;
			proxyType = 1;
			remoteGlobalIDString = 607FACCF1AFB9204008FA782;
			remoteInfo = CloverConnector;
		};
/* End PBXContainerItemProxy section */

/* Begin PBXCopyFilesBuildPhase section */
		7E00D8271DB47FAF00486F3D /* Embed App Extensions */ = {
			isa = PBXCopyFilesBuildPhase;
			buildActionMask = 2147483647;
			dstPath = "";
			dstSubfolderSpec = 13;
			files = (
			);
			name = "Embed App Extensions";
			runOnlyForDeploymentPostprocessing = 0;
		};
		7EC6DF3A1D90474700D852EF /* Embed Frameworks */ = {
			isa = PBXCopyFilesBuildPhase;
			buildActionMask = 12;
			dstPath = "";
			dstSubfolderSpec = 10;
			files = (
			);
			name = "Embed Frameworks";
			runOnlyForDeploymentPostprocessing = 0;
		};
/* End PBXCopyFilesBuildPhase section */

/* Begin PBXFileReference section */
		10B7C33315B77DDE57C989CC /* Pods-CloverConnector_Example.debug.xcconfig */ = {isa = PBXFileReference; includeInIndex = 1; lastKnownFileType = text.xcconfig; name = "Pods-CloverConnector_Example.debug.xcconfig"; path = "Pods/Target Support Files/Pods-CloverConnector_Example/Pods-CloverConnector_Example.debug.xcconfig"; sourceTree = "<group>"; };
		243E90A68708FBF4979FB446 /* CloverConnector.podspec */ = {isa = PBXFileReference; includeInIndex = 1; lastKnownFileType = text; name = CloverConnector.podspec; path = ../CloverConnector.podspec; sourceTree = "<group>"; };
		459E230E62D068EDFEB5E92E /* Pods-CloverConnector_Tests.release.xcconfig */ = {isa = PBXFileReference; includeInIndex = 1; lastKnownFileType = text.xcconfig; name = "Pods-CloverConnector_Tests.release.xcconfig"; path = "Pods/Target Support Files/Pods-CloverConnector_Tests/Pods-CloverConnector_Tests.release.xcconfig"; sourceTree = "<group>"; };
		607FACD01AFB9204008FA782 /* CloverConnector_Example.app */ = {isa = PBXFileReference; explicitFileType = wrapper.application; includeInIndex = 0; path = CloverConnector_Example.app; sourceTree = BUILT_PRODUCTS_DIR; };
		607FACD41AFB9204008FA782 /* Info.plist */ = {isa = PBXFileReference; lastKnownFileType = text.plist.xml; path = Info.plist; sourceTree = "<group>"; };
		607FACD51AFB9204008FA782 /* AppDelegate.swift */ = {isa = PBXFileReference; lastKnownFileType = sourcecode.swift; path = AppDelegate.swift; sourceTree = "<group>"; };
		607FACD71AFB9204008FA782 /* ViewController.swift */ = {isa = PBXFileReference; lastKnownFileType = sourcecode.swift; path = ViewController.swift; sourceTree = "<group>"; };
		607FACDA1AFB9204008FA782 /* Base */ = {isa = PBXFileReference; lastKnownFileType = file.storyboard; name = Base; path = Base.lproj/Main.storyboard; sourceTree = "<group>"; };
		607FACE51AFB9204008FA782 /* CloverConnector_Tests.xctest */ = {isa = PBXFileReference; explicitFileType = wrapper.cfbundle; includeInIndex = 0; path = CloverConnector_Tests.xctest; sourceTree = BUILT_PRODUCTS_DIR; };
		60BF16A62156B0D50E349B58 /* Pods_CloverConnector_Tests.framework */ = {isa = PBXFileReference; explicitFileType = wrapper.framework; includeInIndex = 0; path = Pods_CloverConnector_Tests.framework; sourceTree = BUILT_PRODUCTS_DIR; };
		72A845A61F6B382300BDF1B9 /* PrintTestViewController.swift */ = {isa = PBXFileReference; lastKnownFileType = sourcecode.swift; path = PrintTestViewController.swift; sourceTree = "<group>"; };
		7E12A3491E6E011F00EF7458 /* TestDetailsViewController.swift */ = {isa = PBXFileReference; fileEncoding = 4; lastKnownFileType = sourcecode.swift; path = TestDetailsViewController.swift; sourceTree = "<group>"; };
		7E22E3701E38723700E61A11 /* clover_cacerts.p12 */ = {isa = PBXFileReference; lastKnownFileType = file; path = clover_cacerts.p12; sourceTree = "<group>"; };
		7E41B1FA1E5386A60065AF21 /* ManualRefundViewController.swift */ = {isa = PBXFileReference; fileEncoding = 4; lastKnownFileType = sourcecode.swift; path = ManualRefundViewController.swift; sourceTree = "<group>"; };
		7E41B1FC1E5386E40065AF21 /* PreAuthViewController.swift */ = {isa = PBXFileReference; fileEncoding = 4; lastKnownFileType = sourcecode.swift; path = PreAuthViewController.swift; sourceTree = "<group>"; };
		7E41B1FE1E5387200065AF21 /* VaultCardViewController.swift */ = {isa = PBXFileReference; fileEncoding = 4; lastKnownFileType = sourcecode.swift; path = VaultCardViewController.swift; sourceTree = "<group>"; };
		7E84F8FC1E60A3F8003A70B2 /* test1.json */ = {isa = PBXFileReference; fileEncoding = 4; lastKnownFileType = text.json; name = test1.json; path = test/data/test1.json; sourceTree = "<group>"; };
		7E84F8FE1E60AD35003A70B2 /* UITestTableCell.swift */ = {isa = PBXFileReference; fileEncoding = 4; lastKnownFileType = sourcecode.swift; path = UITestTableCell.swift; sourceTree = "<group>"; };
		7EC6DEF61D90472D00D852EF /* Assets.xcassets */ = {isa = PBXFileReference; lastKnownFileType = folder.assetcatalog; path = Assets.xcassets; sourceTree = "<group>"; };
		7EC6DEF71D90472D00D852EF /* AvailableItemCollectionViewCell.swift */ = {isa = PBXFileReference; fileEncoding = 4; lastKnownFileType = sourcecode.swift; path = AvailableItemCollectionViewCell.swift; sourceTree = "<group>"; };
		7EC6DEF81D90472D00D852EF /* AvailableItems.xib */ = {isa = PBXFileReference; fileEncoding = 4; lastKnownFileType = file.xib; path = AvailableItems.xib; sourceTree = "<group>"; };
		7EC6DEFB1D90472D00D852EF /* Base */ = {isa = PBXFileReference; lastKnownFileType = file.storyboard; name = Base; path = LaunchScreen.storyboard; sourceTree = "<group>"; };
		7EC6DEFD1D90472D00D852EF /* Base */ = {isa = PBXFileReference; lastKnownFileType = file.storyboard; name = Base; path = Main.storyboard; sourceTree = "<group>"; };
		7EC6DEFE1D90472D00D852EF /* BaseUISplitViewController.swift */ = {isa = PBXFileReference; fileEncoding = 4; lastKnownFileType = sourcecode.swift; path = BaseUISplitViewController.swift; sourceTree = "<group>"; };
		7EC6DEFF1D90472D00D852EF /* CloverConnectorListener.swift */ = {isa = PBXFileReference; fileEncoding = 4; lastKnownFileType = sourcecode.swift; path = CloverConnectorListener.swift; sourceTree = "<group>"; };
		7EC6DF001D90472D00D852EF /* CurrencyUtils.swift */ = {isa = PBXFileReference; fileEncoding = 4; lastKnownFileType = sourcecode.swift; path = CurrencyUtils.swift; sourceTree = "<group>"; };
		7EC6DF011D90472D00D852EF /* CurrentOrderListItemTableCell.swift */ = {isa = PBXFileReference; fileEncoding = 4; lastKnownFileType = sourcecode.swift; path = CurrentOrderListItemTableCell.swift; sourceTree = "<group>"; };
		7EC6DF041D90472D00D852EF /* MiscViewController.swift */ = {isa = PBXFileReference; fileEncoding = 4; lastKnownFileType = sourcecode.swift; path = MiscViewController.swift; sourceTree = "<group>"; };
		7EC6DF051D90472D00D852EF /* OrdersTableViewController.swift */ = {isa = PBXFileReference; fileEncoding = 4; lastKnownFileType = sourcecode.swift; path = OrdersTableViewController.swift; sourceTree = "<group>"; };
		7EC6DF071D90472D00D852EF /* POSCard.swift */ = {isa = PBXFileReference; fileEncoding = 4; lastKnownFileType = sourcecode.swift; path = POSCard.swift; sourceTree = "<group>"; };
		7EC6DF081D90472D00D852EF /* POSDiscount.swift */ = {isa = PBXFileReference; fileEncoding = 4; lastKnownFileType = sourcecode.swift; path = POSDiscount.swift; sourceTree = "<group>"; };
		7EC6DF091D90472D00D852EF /* POSExchange.swift */ = {isa = PBXFileReference; fileEncoding = 4; lastKnownFileType = sourcecode.swift; path = POSExchange.swift; sourceTree = "<group>"; };
		7EC6DF0A1D90472D00D852EF /* POSItem.swift */ = {isa = PBXFileReference; fileEncoding = 4; lastKnownFileType = sourcecode.swift; path = POSItem.swift; sourceTree = "<group>"; };
		7EC6DF0B1D90472D00D852EF /* POSLineItem.swift */ = {isa = PBXFileReference; fileEncoding = 4; lastKnownFileType = sourcecode.swift; path = POSLineItem.swift; sourceTree = "<group>"; };
		7EC6DF0C1D90472D00D852EF /* POSOrder.swift */ = {isa = PBXFileReference; fileEncoding = 4; lastKnownFileType = sourcecode.swift; path = POSOrder.swift; sourceTree = "<group>"; };
		7EC6DF0D1D90472D00D852EF /* POSOrderItem.swift */ = {isa = PBXFileReference; fileEncoding = 4; lastKnownFileType = sourcecode.swift; path = POSOrderItem.swift; sourceTree = "<group>"; };
		7EC6DF0E1D90472D00D852EF /* POSPayment.swift */ = {isa = PBXFileReference; fileEncoding = 4; lastKnownFileType = sourcecode.swift; path = POSPayment.swift; sourceTree = "<group>"; };
		7EC6DF0F1D90472D00D852EF /* POSRefund.swift */ = {isa = PBXFileReference; fileEncoding = 4; lastKnownFileType = sourcecode.swift; path = POSRefund.swift; sourceTree = "<group>"; };
		7EC6DF101D90472D00D852EF /* POSStore.swift */ = {isa = PBXFileReference; fileEncoding = 4; lastKnownFileType = sourcecode.swift; path = POSStore.swift; sourceTree = "<group>"; };
		7EC6DF111D90472D00D852EF /* RegisterViewController.swift */ = {isa = PBXFileReference; fileEncoding = 4; lastKnownFileType = sourcecode.swift; path = RegisterViewController.swift; sourceTree = "<group>"; };
		7EC6DF121D90472D00D852EF /* SignatureView.swift */ = {isa = PBXFileReference; fileEncoding = 4; lastKnownFileType = sourcecode.swift; path = SignatureView.swift; sourceTree = "<group>"; };
		7EC6DF131D90472D00D852EF /* SignatureViewController.swift */ = {isa = PBXFileReference; fileEncoding = 4; lastKnownFileType = sourcecode.swift; path = SignatureViewController.swift; sourceTree = "<group>"; };
		7EC74A4D1D91BB8800D0CBBF /* TestViewController.swift */ = {isa = PBXFileReference; fileEncoding = 4; lastKnownFileType = sourcecode.swift; path = TestViewController.swift; sourceTree = "<group>"; };
		7EC74A4F1D91BCA000D0CBBF /* TestCloverConnectorListener.swift */ = {isa = PBXFileReference; fileEncoding = 4; lastKnownFileType = sourcecode.swift; path = TestCloverConnectorListener.swift; sourceTree = "<group>"; };
		7EC74A511D91C32E00D0CBBF /* TabController.swift */ = {isa = PBXFileReference; fileEncoding = 4; lastKnownFileType = sourcecode.swift; path = TabController.swift; sourceTree = "<group>"; };
		7ED6963C1EB7B8AE0010032A /* POSNakedRefund.swift */ = {isa = PBXFileReference; fileEncoding = 4; lastKnownFileType = sourcecode.swift; path = POSNakedRefund.swift; sourceTree = "<group>"; };
		7EEB27291D9C0E640017879B /* OrderDetailsViewController.swift */ = {isa = PBXFileReference; fileEncoding = 4; lastKnownFileType = sourcecode.swift; path = OrderDetailsViewController.swift; sourceTree = "<group>"; };
		7EEB720C1EAFFA81008E641D /* SimpleTestViewController.swift */ = {isa = PBXFileReference; fileEncoding = 4; lastKnownFileType = sourcecode.swift; path = SimpleTestViewController.swift; sourceTree = "<group>"; };
		95BC0FEE39357F88F82B8092 /* LICENSE */ = {isa = PBXFileReference; includeInIndex = 1; lastKnownFileType = text; name = LICENSE; path = ../LICENSE; sourceTree = "<group>"; };
		95D7B135DBBE64C88249EB84 /* Pods_CloverConnector_Example.framework */ = {isa = PBXFileReference; explicitFileType = wrapper.framework; includeInIndex = 0; path = Pods_CloverConnector_Example.framework; sourceTree = BUILT_PRODUCTS_DIR; };
		96C5AB5C4427777EBE65CA2A /* Pods-CloverConnector_Example.release.xcconfig */ = {isa = PBXFileReference; includeInIndex = 1; lastKnownFileType = text.xcconfig; name = "Pods-CloverConnector_Example.release.xcconfig"; path = "Pods/Target Support Files/Pods-CloverConnector_Example/Pods-CloverConnector_Example.release.xcconfig"; sourceTree = "<group>"; };
		CDC378D57D87133CA0103944 /* README.md */ = {isa = PBXFileReference; includeInIndex = 1; lastKnownFileType = net.daringfireball.markdown; name = README.md; path = ../README.md; sourceTree = "<group>"; };
		DA004E9F68C5A4678FD062F7 /* Pods-CloverConnector_Tests.debug.xcconfig */ = {isa = PBXFileReference; includeInIndex = 1; lastKnownFileType = text.xcconfig; name = "Pods-CloverConnector_Tests.debug.xcconfig"; path = "Pods/Target Support Files/Pods-CloverConnector_Tests/Pods-CloverConnector_Tests.debug.xcconfig"; sourceTree = "<group>"; };
/* End PBXFileReference section */

/* Begin PBXFrameworksBuildPhase section */
		607FACCD1AFB9204008FA782 /* Frameworks */ = {
			isa = PBXFrameworksBuildPhase;
			buildActionMask = 2147483647;
			files = (
				DA6BFE5D963C68DE0967E1A7 /* Pods_CloverConnector_Example.framework in Frameworks */,
			);
			runOnlyForDeploymentPostprocessing = 0;
		};
		607FACE21AFB9204008FA782 /* Frameworks */ = {
			isa = PBXFrameworksBuildPhase;
			buildActionMask = 2147483647;
			files = (
				A49F5B4A199432BBE7EAF0C4 /* Pods_CloverConnector_Tests.framework in Frameworks */,
			);
			runOnlyForDeploymentPostprocessing = 0;
		};
/* End PBXFrameworksBuildPhase section */

/* Begin PBXGroup section */
		42927818D15CB42408EC2EA3 /* Pods */ = {
			isa = PBXGroup;
			children = (
				10B7C33315B77DDE57C989CC /* Pods-CloverConnector_Example.debug.xcconfig */,
				96C5AB5C4427777EBE65CA2A /* Pods-CloverConnector_Example.release.xcconfig */,
				DA004E9F68C5A4678FD062F7 /* Pods-CloverConnector_Tests.debug.xcconfig */,
				459E230E62D068EDFEB5E92E /* Pods-CloverConnector_Tests.release.xcconfig */,
			);
			name = Pods;
			sourceTree = "<group>";
		};
		607FACC71AFB9204008FA782 = {
			isa = PBXGroup;
			children = (
				607FACF51AFB993E008FA782 /* Podspec Metadata */,
				607FACD21AFB9204008FA782 /* Example Source */,
				607FACD11AFB9204008FA782 /* Products */,
				42927818D15CB42408EC2EA3 /* Pods */,
				D58C6D7C6B2E8CE364280580 /* Frameworks */,
			);
			sourceTree = "<group>";
		};
		607FACD11AFB9204008FA782 /* Products */ = {
			isa = PBXGroup;
			children = (
				607FACD01AFB9204008FA782 /* CloverConnector_Example.app */,
				607FACE51AFB9204008FA782 /* CloverConnector_Tests.xctest */,
			);
			name = Products;
			sourceTree = "<group>";
		};
		607FACD21AFB9204008FA782 /* Example Source */ = {
			isa = PBXGroup;
			children = (
				7E2E68AE1EFBE45F002BD030 /* ui */,
				607FACD51AFB9204008FA782 /* AppDelegate.swift */,
				7EC6DEF61D90472D00D852EF /* Assets.xcassets */,
				7EC6DEF71D90472D00D852EF /* AvailableItemCollectionViewCell.swift */,
				7EC6DEF81D90472D00D852EF /* AvailableItems.xib */,
				7EC6DEF91D90472D00D852EF /* Base.lproj */,
				7EC6DEFE1D90472D00D852EF /* BaseUISplitViewController.swift */,
				7EC6DEFF1D90472D00D852EF /* CloverConnectorListener.swift */,
				7EC6DF001D90472D00D852EF /* CurrencyUtils.swift */,
				7EC6DF011D90472D00D852EF /* CurrentOrderListItemTableCell.swift */,
				7E41B1F91E5369340065AF21 /* model */,
				7EC6DF121D90472D00D852EF /* SignatureView.swift */,
				7EC6DF131D90472D00D852EF /* SignatureViewController.swift */,
				607FACD31AFB9204008FA782 /* Supporting Files */,
				7ED6963E1EB7CA430010032A /* tabs */,
				7EC74A4F1D91BCA000D0CBBF /* TestCloverConnectorListener.swift */,
				7E12A3491E6E011F00EF7458 /* TestDetailsViewController.swift */,
				7E84F8FE1E60AD35003A70B2 /* UITestTableCell.swift */,
				72A845A61F6B382300BDF1B9 /* PrintTestViewController.swift */,
				607FACD71AFB9204008FA782 /* ViewController.swift */,
			);
			name = "Example Source";
			path = CloverConnector;
			sourceTree = "<group>";
		};
		607FACD31AFB9204008FA782 /* Supporting Files */ = {
			isa = PBXGroup;
			children = (
				7E84F8FC1E60A3F8003A70B2 /* test1.json */,
				7E22E3701E38723700E61A11 /* clover_cacerts.p12 */,
				607FACD41AFB9204008FA782 /* Info.plist */,
			);
			name = "Supporting Files";
			sourceTree = "<group>";
		};
		607FACF51AFB993E008FA782 /* Podspec Metadata */ = {
			isa = PBXGroup;
			children = (
				243E90A68708FBF4979FB446 /* CloverConnector.podspec */,
				CDC378D57D87133CA0103944 /* README.md */,
				95BC0FEE39357F88F82B8092 /* LICENSE */,
			);
			name = "Podspec Metadata";
			sourceTree = "<group>";
		};
		7E2E68AE1EFBE45F002BD030 /* ui */ = {
			isa = PBXGroup;
			children = (
				607FACD91AFB9204008FA782 /* Main.storyboard */,
			);
			name = ui;
			sourceTree = "<group>";
		};
		7E41B1F91E5369340065AF21 /* model */ = {
			isa = PBXGroup;
			children = (
				7EC6DF071D90472D00D852EF /* POSCard.swift */,
				7EC6DF081D90472D00D852EF /* POSDiscount.swift */,
				7EC6DF091D90472D00D852EF /* POSExchange.swift */,
				7EC6DF0A1D90472D00D852EF /* POSItem.swift */,
				7EC6DF0B1D90472D00D852EF /* POSLineItem.swift */,
				7ED6963C1EB7B8AE0010032A /* POSNakedRefund.swift */,
				7EC6DF0C1D90472D00D852EF /* POSOrder.swift */,
				7EC6DF0D1D90472D00D852EF /* POSOrderItem.swift */,
				7EC6DF0E1D90472D00D852EF /* POSPayment.swift */,
				7EC6DF0F1D90472D00D852EF /* POSRefund.swift */,
				7EC6DF101D90472D00D852EF /* POSStore.swift */,
			);
			name = model;
			sourceTree = "<group>";
		};
		7EC6DEF91D90472D00D852EF /* Base.lproj */ = {
			isa = PBXGroup;
			children = (
				7EC6DEFA1D90472D00D852EF /* LaunchScreen.storyboard */,
				7EC6DEFC1D90472D00D852EF /* Main.storyboard */,
			);
			path = Base.lproj;
			sourceTree = "<group>";
		};
		7ED6963E1EB7CA430010032A /* tabs */ = {
			isa = PBXGroup;
			children = (
				7EC74A511D91C32E00D0CBBF /* TabController.swift */,
				7E41B1FA1E5386A60065AF21 /* ManualRefundViewController.swift */,
				7EC6DF041D90472D00D852EF /* MiscViewController.swift */,
				7EEB27291D9C0E640017879B /* OrderDetailsViewController.swift */,
				7EC6DF051D90472D00D852EF /* OrdersTableViewController.swift */,
				7E41B1FC1E5386E40065AF21 /* PreAuthViewController.swift */,
				7EC6DF111D90472D00D852EF /* RegisterViewController.swift */,
				7EEB720C1EAFFA81008E641D /* SimpleTestViewController.swift */,
				7E41B1FE1E5387200065AF21 /* VaultCardViewController.swift */,
				7EC74A4D1D91BB8800D0CBBF /* TestViewController.swift */,
			);
			name = tabs;
			sourceTree = "<group>";
		};
		D58C6D7C6B2E8CE364280580 /* Frameworks */ = {
			isa = PBXGroup;
			children = (
				95D7B135DBBE64C88249EB84 /* Pods_CloverConnector_Example.framework */,
				60BF16A62156B0D50E349B58 /* Pods_CloverConnector_Tests.framework */,
			);
			name = Frameworks;
			sourceTree = "<group>";
		};
/* End PBXGroup section */

/* Begin PBXNativeTarget section */
		607FACCF1AFB9204008FA782 /* CloverConnector_Example */ = {
			isa = PBXNativeTarget;
			buildConfigurationList = 607FACEF1AFB9204008FA782 /* Build configuration list for PBXNativeTarget "CloverConnector_Example" */;
			buildPhases = (
				451692A3AE9366D6EBAE9BB3 /* [CP] Check Pods Manifest.lock */,
				607FACCC1AFB9204008FA782 /* Sources */,
				607FACCD1AFB9204008FA782 /* Frameworks */,
				607FACCE1AFB9204008FA782 /* Resources */,
				A3BFB62B8451F330D0854C2B /* [CP] Embed Pods Frameworks */,
				CABFBDBA46A0BFBE2CAB177E /* [CP] Copy Pods Resources */,
				7EC6DF3A1D90474700D852EF /* Embed Frameworks */,
				7E00D8271DB47FAF00486F3D /* Embed App Extensions */,
			);
			buildRules = (
			);
			dependencies = (
			);
			name = CloverConnector_Example;
			productName = CloverConnector;
			productReference = 607FACD01AFB9204008FA782 /* CloverConnector_Example.app */;
			productType = "com.apple.product-type.application";
		};
		607FACE41AFB9204008FA782 /* CloverConnector_Tests */ = {
			isa = PBXNativeTarget;
			buildConfigurationList = 607FACF21AFB9204008FA782 /* Build configuration list for PBXNativeTarget "CloverConnector_Tests" */;
			buildPhases = (
				4CA58960FE86264DFDB26A50 /* [CP] Check Pods Manifest.lock */,
				607FACE11AFB9204008FA782 /* Sources */,
				607FACE21AFB9204008FA782 /* Frameworks */,
				607FACE31AFB9204008FA782 /* Resources */,
				ED629415238B57CF95EBE86A /* [CP] Embed Pods Frameworks */,
				EF3680A829F44E0FD41F4D92 /* [CP] Copy Pods Resources */,
			);
			buildRules = (
			);
			dependencies = (
				607FACE71AFB9204008FA782 /* PBXTargetDependency */,
			);
			name = CloverConnector_Tests;
			productName = Tests;
			productReference = 607FACE51AFB9204008FA782 /* CloverConnector_Tests.xctest */;
			productType = "com.apple.product-type.bundle.unit-test";
		};
/* End PBXNativeTarget section */

/* Begin PBXProject section */
		607FACC81AFB9204008FA782 /* Project object */ = {
			isa = PBXProject;
			attributes = {
				LastSwiftUpdateCheck = 0800;
				LastUpgradeCheck = 0900;
				ORGANIZATIONNAME = CocoaPods;
				TargetAttributes = {
					607FACCF1AFB9204008FA782 = {
						CreatedOnToolsVersion = 6.3.1;
						DevelopmentTeam = Q993233M8T;
						LastSwiftMigration = 0900;
						ProvisioningStyle = Automatic;
					};
					607FACE41AFB9204008FA782 = {
						CreatedOnToolsVersion = 6.3.1;
						DevelopmentTeam = Q993233M8T;
						LastSwiftMigration = 0900;
						TestTargetID = 607FACCF1AFB9204008FA782;
					};
				};
			};
			buildConfigurationList = 607FACCB1AFB9204008FA782 /* Build configuration list for PBXProject "CloverConnector" */;
			compatibilityVersion = "Xcode 3.2";
			developmentRegion = English;
			hasScannedForEncodings = 0;
			knownRegions = (
				en,
				Base,
			);
			mainGroup = 607FACC71AFB9204008FA782;
			productRefGroup = 607FACD11AFB9204008FA782 /* Products */;
			projectDirPath = "";
			projectRoot = "";
			targets = (
				607FACCF1AFB9204008FA782 /* CloverConnector_Example */,
				607FACE41AFB9204008FA782 /* CloverConnector_Tests */,
			);
		};
/* End PBXProject section */

/* Begin PBXResourcesBuildPhase section */
		607FACCE1AFB9204008FA782 /* Resources */ = {
			isa = PBXResourcesBuildPhase;
			buildActionMask = 2147483647;
			files = (
				7EC6DF181D90472D00D852EF /* Main.storyboard in Resources */,
				7EC6DF161D90472D00D852EF /* AvailableItems.xib in Resources */,
				607FACDB1AFB9204008FA782 /* Main.storyboard in Resources */,
				7EC6DF171D90472D00D852EF /* LaunchScreen.storyboard in Resources */,
				7E22E3711E38723700E61A11 /* clover_cacerts.p12 in Resources */,
				7EC6DF141D90472D00D852EF /* Assets.xcassets in Resources */,
			);
			runOnlyForDeploymentPostprocessing = 0;
		};
		607FACE31AFB9204008FA782 /* Resources */ = {
			isa = PBXResourcesBuildPhase;
			buildActionMask = 2147483647;
			files = (
			);
			runOnlyForDeploymentPostprocessing = 0;
		};
/* End PBXResourcesBuildPhase section */

/* Begin PBXShellScriptBuildPhase section */
		451692A3AE9366D6EBAE9BB3 /* [CP] Check Pods Manifest.lock */ = {
			isa = PBXShellScriptBuildPhase;
			buildActionMask = 2147483647;
			files = (
			);
			inputPaths = (
				"${PODS_PODFILE_DIR_PATH}/Podfile.lock",
				"${PODS_ROOT}/Manifest.lock",
			);
			name = "[CP] Check Pods Manifest.lock";
			outputPaths = (
				"$(DERIVED_FILE_DIR)/Pods-CloverConnector_Example-checkManifestLockResult.txt",
			);
			runOnlyForDeploymentPostprocessing = 0;
			shellPath = /bin/sh;
			shellScript = "diff \"${PODS_PODFILE_DIR_PATH}/Podfile.lock\" \"${PODS_ROOT}/Manifest.lock\" > /dev/null\nif [ $? != 0 ] ; then\n    # print error to STDERR\n    echo \"error: The sandbox is not in sync with the Podfile.lock. Run 'pod install' or update your CocoaPods installation.\" >&2\n    exit 1\nfi\n# This output is used by Xcode 'outputs' to avoid re-running this script phase.\necho \"SUCCESS\" > \"${SCRIPT_OUTPUT_FILE_0}\"\n";
			showEnvVarsInLog = 0;
		};
		4CA58960FE86264DFDB26A50 /* [CP] Check Pods Manifest.lock */ = {
			isa = PBXShellScriptBuildPhase;
			buildActionMask = 2147483647;
			files = (
			);
			inputPaths = (
				"${PODS_PODFILE_DIR_PATH}/Podfile.lock",
				"${PODS_ROOT}/Manifest.lock",
			);
			name = "[CP] Check Pods Manifest.lock";
			outputPaths = (
				"$(DERIVED_FILE_DIR)/Pods-CloverConnector_Tests-checkManifestLockResult.txt",
			);
			runOnlyForDeploymentPostprocessing = 0;
			shellPath = /bin/sh;
			shellScript = "diff \"${PODS_PODFILE_DIR_PATH}/Podfile.lock\" \"${PODS_ROOT}/Manifest.lock\" > /dev/null\nif [ $? != 0 ] ; then\n    # print error to STDERR\n    echo \"error: The sandbox is not in sync with the Podfile.lock. Run 'pod install' or update your CocoaPods installation.\" >&2\n    exit 1\nfi\n# This output is used by Xcode 'outputs' to avoid re-running this script phase.\necho \"SUCCESS\" > \"${SCRIPT_OUTPUT_FILE_0}\"\n";
			showEnvVarsInLog = 0;
		};
		A3BFB62B8451F330D0854C2B /* [CP] Embed Pods Frameworks */ = {
			isa = PBXShellScriptBuildPhase;
			buildActionMask = 2147483647;
			files = (
			);
			inputPaths = (
				"${SRCROOT}/Pods/Target Support Files/Pods-CloverConnector_Example/Pods-CloverConnector_Example-frameworks.sh",
				"${BUILT_PRODUCTS_DIR}/CloverConnector/CloverConnector.framework",
				"${BUILT_PRODUCTS_DIR}/ObjectMapper/ObjectMapper.framework",
				"${BUILT_PRODUCTS_DIR}/Starscream/Starscream.framework",
				"${BUILT_PRODUCTS_DIR}/SwiftyJSON/SwiftyJSON.framework",
			);
			name = "[CP] Embed Pods Frameworks";
			outputPaths = (
				"${TARGET_BUILD_DIR}/${FRAMEWORKS_FOLDER_PATH}/CloverConnector.framework",
				"${TARGET_BUILD_DIR}/${FRAMEWORKS_FOLDER_PATH}/ObjectMapper.framework",
				"${TARGET_BUILD_DIR}/${FRAMEWORKS_FOLDER_PATH}/Starscream.framework",
				"${TARGET_BUILD_DIR}/${FRAMEWORKS_FOLDER_PATH}/SwiftyJSON.framework",
			);
			runOnlyForDeploymentPostprocessing = 0;
			shellPath = /bin/sh;
			shellScript = "\"${SRCROOT}/Pods/Target Support Files/Pods-CloverConnector_Example/Pods-CloverConnector_Example-frameworks.sh\"\n";
			showEnvVarsInLog = 0;
		};
		CABFBDBA46A0BFBE2CAB177E /* [CP] Copy Pods Resources */ = {
			isa = PBXShellScriptBuildPhase;
			buildActionMask = 2147483647;
			files = (
			);
			inputPaths = (
			);
			name = "[CP] Copy Pods Resources";
			outputPaths = (
			);
			runOnlyForDeploymentPostprocessing = 0;
			shellPath = /bin/sh;
			shellScript = "\"${SRCROOT}/Pods/Target Support Files/Pods-CloverConnector_Example/Pods-CloverConnector_Example-resources.sh\"\n";
			showEnvVarsInLog = 0;
		};
		ED629415238B57CF95EBE86A /* [CP] Embed Pods Frameworks */ = {
			isa = PBXShellScriptBuildPhase;
			buildActionMask = 2147483647;
			files = (
			);
			inputPaths = (
			);
			name = "[CP] Embed Pods Frameworks";
			outputPaths = (
			);
			runOnlyForDeploymentPostprocessing = 0;
			shellPath = /bin/sh;
			shellScript = "\"${SRCROOT}/Pods/Target Support Files/Pods-CloverConnector_Tests/Pods-CloverConnector_Tests-frameworks.sh\"\n";
			showEnvVarsInLog = 0;
		};
		EF3680A829F44E0FD41F4D92 /* [CP] Copy Pods Resources */ = {
			isa = PBXShellScriptBuildPhase;
			buildActionMask = 2147483647;
			files = (
			);
			inputPaths = (
			);
			name = "[CP] Copy Pods Resources";
			outputPaths = (
			);
			runOnlyForDeploymentPostprocessing = 0;
			shellPath = /bin/sh;
			shellScript = "\"${SRCROOT}/Pods/Target Support Files/Pods-CloverConnector_Tests/Pods-CloverConnector_Tests-resources.sh\"\n";
			showEnvVarsInLog = 0;
		};
/* End PBXShellScriptBuildPhase section */

/* Begin PBXSourcesBuildPhase section */
		607FACCC1AFB9204008FA782 /* Sources */ = {
			isa = PBXSourcesBuildPhase;
			buildActionMask = 2147483647;
			files = (
				7ED6963D1EB7B8AE0010032A /* POSNakedRefund.swift in Sources */,
				7EC6DF2D1D90472D00D852EF /* SignatureViewController.swift in Sources */,
				7EC6DF151D90472D00D852EF /* AvailableItemCollectionViewCell.swift in Sources */,
				7EC6DF241D90472D00D852EF /* POSItem.swift in Sources */,
				7E41B1FF1E5387200065AF21 /* VaultCardViewController.swift in Sources */,
				7EEB720D1EAFFA81008E641D /* SimpleTestViewController.swift in Sources */,
				607FACD81AFB9204008FA782 /* ViewController.swift in Sources */,
				7EC74A501D91BCA000D0CBBF /* TestCloverConnectorListener.swift in Sources */,
				7EC6DF1C1D90472D00D852EF /* CurrentOrderListItemTableCell.swift in Sources */,
				7EC6DF1A1D90472D00D852EF /* CloverConnectorListener.swift in Sources */,
				7EC6DF291D90472D00D852EF /* POSRefund.swift in Sources */,
				7EC6DF191D90472D00D852EF /* BaseUISplitViewController.swift in Sources */,
				72A845A71F6B382300BDF1B9 /* PrintTestViewController.swift in Sources */,
				7EC6DF1B1D90472D00D852EF /* CurrencyUtils.swift in Sources */,
				7EC6DF2A1D90472D00D852EF /* POSStore.swift in Sources */,
				7EEB272A1D9C0E640017879B /* OrderDetailsViewController.swift in Sources */,
				7EC74A4E1D91BB8800D0CBBF /* TestViewController.swift in Sources */,
				7EC6DF2B1D90472D00D852EF /* RegisterViewController.swift in Sources */,
				7EC74A521D91C32E00D0CBBF /* TabController.swift in Sources */,
				7EC6DF261D90472D00D852EF /* POSOrder.swift in Sources */,
				7E41B1FB1E5386A60065AF21 /* ManualRefundViewController.swift in Sources */,
				7EC6DF1E1D90472D00D852EF /* MiscViewController.swift in Sources */,
				7E41B1FD1E5386E40065AF21 /* PreAuthViewController.swift in Sources */,
				7E84F8FF1E60AD35003A70B2 /* UITestTableCell.swift in Sources */,
				7EC6DF251D90472D00D852EF /* POSLineItem.swift in Sources */,
				7EC6DF271D90472D00D852EF /* POSOrderItem.swift in Sources */,
				7E12A34A1E6E011F00EF7458 /* TestDetailsViewController.swift in Sources */,
				7EC6DF211D90472D00D852EF /* POSCard.swift in Sources */,
				607FACD61AFB9204008FA782 /* AppDelegate.swift in Sources */,
				7EC6DF1F1D90472D00D852EF /* OrdersTableViewController.swift in Sources */,
				7EC6DF221D90472D00D852EF /* POSDiscount.swift in Sources */,
				7EC6DF2C1D90472D00D852EF /* SignatureView.swift in Sources */,
				7EC6DF231D90472D00D852EF /* POSExchange.swift in Sources */,
				7EC6DF281D90472D00D852EF /* POSPayment.swift in Sources */,
			);
			runOnlyForDeploymentPostprocessing = 0;
		};
		607FACE11AFB9204008FA782 /* Sources */ = {
			isa = PBXSourcesBuildPhase;
			buildActionMask = 2147483647;
			files = (
			);
			runOnlyForDeploymentPostprocessing = 0;
		};
/* End PBXSourcesBuildPhase section */

/* Begin PBXTargetDependency section */
		607FACE71AFB9204008FA782 /* PBXTargetDependency */ = {
			isa = PBXTargetDependency;
			target = 607FACCF1AFB9204008FA782 /* CloverConnector_Example */;
			targetProxy = 607FACE61AFB9204008FA782 /* PBXContainerItemProxy */;
		};
/* End PBXTargetDependency section */

/* Begin PBXVariantGroup section */
		607FACD91AFB9204008FA782 /* Main.storyboard */ = {
			isa = PBXVariantGroup;
			children = (
				607FACDA1AFB9204008FA782 /* Base */,
			);
			name = Main.storyboard;
			sourceTree = "<group>";
		};
		7EC6DEFA1D90472D00D852EF /* LaunchScreen.storyboard */ = {
			isa = PBXVariantGroup;
			children = (
				7EC6DEFB1D90472D00D852EF /* Base */,
			);
			name = LaunchScreen.storyboard;
			sourceTree = "<group>";
		};
		7EC6DEFC1D90472D00D852EF /* Main.storyboard */ = {
			isa = PBXVariantGroup;
			children = (
				7EC6DEFD1D90472D00D852EF /* Base */,
			);
			name = Main.storyboard;
			sourceTree = "<group>";
		};
/* End PBXVariantGroup section */

/* Begin XCBuildConfiguration section */
		607FACED1AFB9204008FA782 /* Debug */ = {
			isa = XCBuildConfiguration;
			buildSettings = {
				ALWAYS_SEARCH_USER_PATHS = NO;
				CLANG_CXX_LANGUAGE_STANDARD = "gnu++0x";
				CLANG_CXX_LIBRARY = "libc++";
				CLANG_ENABLE_MODULES = YES;
				CLANG_ENABLE_OBJC_ARC = YES;
				CLANG_WARN_BLOCK_CAPTURE_AUTORELEASING = YES;
				CLANG_WARN_BOOL_CONVERSION = YES;
				CLANG_WARN_COMMA = YES;
				CLANG_WARN_CONSTANT_CONVERSION = YES;
				CLANG_WARN_DIRECT_OBJC_ISA_USAGE = YES_ERROR;
				CLANG_WARN_EMPTY_BODY = YES;
				CLANG_WARN_ENUM_CONVERSION = YES;
				CLANG_WARN_INFINITE_RECURSION = YES;
				CLANG_WARN_INT_CONVERSION = YES;
				CLANG_WARN_NON_LITERAL_NULL_CONVERSION = YES;
				CLANG_WARN_OBJC_LITERAL_CONVERSION = YES;
				CLANG_WARN_OBJC_ROOT_CLASS = YES_ERROR;
				CLANG_WARN_RANGE_LOOP_ANALYSIS = YES;
				CLANG_WARN_STRICT_PROTOTYPES = YES;
				CLANG_WARN_SUSPICIOUS_MOVE = YES;
				CLANG_WARN_UNREACHABLE_CODE = YES;
				CLANG_WARN__DUPLICATE_METHOD_MATCH = YES;
				"CODE_SIGN_IDENTITY[sdk=iphoneos*]" = "iPhone Developer";
				COPY_PHASE_STRIP = NO;
				DEBUG_INFORMATION_FORMAT = "dwarf-with-dsym";
				DEFINES_MODULE = YES;
				ENABLE_STRICT_OBJC_MSGSEND = YES;
				ENABLE_TESTABILITY = YES;
				FRAMEWORK_SEARCH_PATHS = "";
				GCC_C_LANGUAGE_STANDARD = gnu99;
				GCC_DYNAMIC_NO_PIC = NO;
				GCC_NO_COMMON_BLOCKS = YES;
				GCC_OPTIMIZATION_LEVEL = 0;
				GCC_PREPROCESSOR_DEFINITIONS = (
					"DEBUG=1",
					"$(inherited)",
				);
				GCC_SYMBOLS_PRIVATE_EXTERN = NO;
				GCC_WARN_64_TO_32_BIT_CONVERSION = YES;
				GCC_WARN_ABOUT_RETURN_TYPE = YES_ERROR;
				GCC_WARN_UNDECLARED_SELECTOR = YES;
				GCC_WARN_UNINITIALIZED_AUTOS = YES_AGGRESSIVE;
				GCC_WARN_UNUSED_FUNCTION = YES;
				GCC_WARN_UNUSED_VARIABLE = YES;
				IPHONEOS_DEPLOYMENT_TARGET = 9.0;
				MTL_ENABLE_DEBUG_INFO = YES;
				ONLY_ACTIVE_ARCH = YES;
				SDKROOT = iphoneos;
				SWIFT_OPTIMIZATION_LEVEL = "-Onone";
			};
			name = Debug;
		};
		607FACEE1AFB9204008FA782 /* Release */ = {
			isa = XCBuildConfiguration;
			buildSettings = {
				ALWAYS_SEARCH_USER_PATHS = NO;
				CLANG_CXX_LANGUAGE_STANDARD = "gnu++0x";
				CLANG_CXX_LIBRARY = "libc++";
				CLANG_ENABLE_MODULES = YES;
				CLANG_ENABLE_OBJC_ARC = YES;
				CLANG_WARN_BLOCK_CAPTURE_AUTORELEASING = YES;
				CLANG_WARN_BOOL_CONVERSION = YES;
				CLANG_WARN_COMMA = YES;
				CLANG_WARN_CONSTANT_CONVERSION = YES;
				CLANG_WARN_DIRECT_OBJC_ISA_USAGE = YES_ERROR;
				CLANG_WARN_EMPTY_BODY = YES;
				CLANG_WARN_ENUM_CONVERSION = YES;
				CLANG_WARN_INFINITE_RECURSION = YES;
				CLANG_WARN_INT_CONVERSION = YES;
				CLANG_WARN_NON_LITERAL_NULL_CONVERSION = YES;
				CLANG_WARN_OBJC_LITERAL_CONVERSION = YES;
				CLANG_WARN_OBJC_ROOT_CLASS = YES_ERROR;
				CLANG_WARN_RANGE_LOOP_ANALYSIS = YES;
				CLANG_WARN_STRICT_PROTOTYPES = YES;
				CLANG_WARN_SUSPICIOUS_MOVE = YES;
				CLANG_WARN_UNREACHABLE_CODE = YES;
				CLANG_WARN__DUPLICATE_METHOD_MATCH = YES;
				"CODE_SIGN_IDENTITY[sdk=iphoneos*]" = "iPhone Developer";
				COPY_PHASE_STRIP = NO;
				DEBUG_INFORMATION_FORMAT = "dwarf-with-dsym";
				DEFINES_MODULE = YES;
				ENABLE_NS_ASSERTIONS = NO;
				ENABLE_STRICT_OBJC_MSGSEND = YES;
				FRAMEWORK_SEARCH_PATHS = "";
				GCC_C_LANGUAGE_STANDARD = gnu99;
				GCC_NO_COMMON_BLOCKS = YES;
				GCC_WARN_64_TO_32_BIT_CONVERSION = YES;
				GCC_WARN_ABOUT_RETURN_TYPE = YES_ERROR;
				GCC_WARN_UNDECLARED_SELECTOR = YES;
				GCC_WARN_UNINITIALIZED_AUTOS = YES_AGGRESSIVE;
				GCC_WARN_UNUSED_FUNCTION = YES;
				GCC_WARN_UNUSED_VARIABLE = YES;
				IPHONEOS_DEPLOYMENT_TARGET = 9.0;
				MTL_ENABLE_DEBUG_INFO = NO;
				SDKROOT = iphoneos;
				SWIFT_OPTIMIZATION_LEVEL = "-Owholemodule";
				VALIDATE_PRODUCT = YES;
			};
			name = Release;
		};
		607FACF01AFB9204008FA782 /* Debug */ = {
			isa = XCBuildConfiguration;
			baseConfigurationReference = 10B7C33315B77DDE57C989CC /* Pods-CloverConnector_Example.debug.xcconfig */;
			buildSettings = {
				ALWAYS_EMBED_SWIFT_STANDARD_LIBRARIES = "$(inherited)";
				ASSETCATALOG_COMPILER_APPICON_NAME = AppIcon;
				"CODE_SIGN_IDENTITY[sdk=iphoneos*]" = "iPhone Developer";
				DEVELOPMENT_TEAM = Q993233M8T;
				INFOPLIST_FILE = CloverConnector/Info.plist;
				IPHONEOS_DEPLOYMENT_TARGET = 9.0;
				LD_RUNPATH_SEARCH_PATHS = "$(inherited) @executable_path/Frameworks";
				MODULE_NAME = ExampleApp;
				PRODUCT_BUNDLE_IDENTIFIER = com.clover.CloverConnectorExample;
				PRODUCT_NAME = "$(TARGET_NAME)";
				SWIFT_VERSION = 4.0;
				TARGETED_DEVICE_FAMILY = "1,2";
			};
			name = Debug;
		};
		607FACF11AFB9204008FA782 /* Release */ = {
			isa = XCBuildConfiguration;
			baseConfigurationReference = 96C5AB5C4427777EBE65CA2A /* Pods-CloverConnector_Example.release.xcconfig */;
			buildSettings = {
				ALWAYS_EMBED_SWIFT_STANDARD_LIBRARIES = "$(inherited)";
				ASSETCATALOG_COMPILER_APPICON_NAME = AppIcon;
				"CODE_SIGN_IDENTITY[sdk=iphoneos*]" = "iPhone Developer";
				DEVELOPMENT_TEAM = Q993233M8T;
				INFOPLIST_FILE = CloverConnector/Info.plist;
				IPHONEOS_DEPLOYMENT_TARGET = 9.0;
				LD_RUNPATH_SEARCH_PATHS = "$(inherited) @executable_path/Frameworks";
				MODULE_NAME = ExampleApp;
				PRODUCT_BUNDLE_IDENTIFIER = com.clover.CloverConnectorExample;
				PRODUCT_NAME = "$(TARGET_NAME)";
				SWIFT_VERSION = 4.0;
				TARGETED_DEVICE_FAMILY = "1,2";
			};
			name = Release;
		};
		607FACF31AFB9204008FA782 /* Debug */ = {
			isa = XCBuildConfiguration;
			baseConfigurationReference = DA004E9F68C5A4678FD062F7 /* Pods-CloverConnector_Tests.debug.xcconfig */;
			buildSettings = {
				CLANG_ENABLE_MODULES = YES;
				DEVELOPMENT_TEAM = Q993233M8T;
				FRAMEWORK_SEARCH_PATHS = "$(inherited)";
				GCC_PREPROCESSOR_DEFINITIONS = (
					"DEBUG=1",
					"$(inherited)",
				);
				INFOPLIST_FILE = Tests/Info.plist;
				IPHONEOS_DEPLOYMENT_TARGET = 10.0;
				LD_RUNPATH_SEARCH_PATHS = "$(inherited) @executable_path/Frameworks @loader_path/Frameworks";
				PRODUCT_BUNDLE_IDENTIFIER = "org.cocoapods.$(PRODUCT_NAME:rfc1034identifier)";
				PRODUCT_NAME = "$(TARGET_NAME)";
				SWIFT_OPTIMIZATION_LEVEL = "-Onone";
				SWIFT_VERSION = 3.0;
				TEST_HOST = "$(BUILT_PRODUCTS_DIR)/CloverConnector_Example.app/CloverConnector_Example";
			};
			name = Debug;
		};
		607FACF41AFB9204008FA782 /* Release */ = {
			isa = XCBuildConfiguration;
			baseConfigurationReference = 459E230E62D068EDFEB5E92E /* Pods-CloverConnector_Tests.release.xcconfig */;
			buildSettings = {
				CLANG_ENABLE_MODULES = YES;
				DEVELOPMENT_TEAM = Q993233M8T;
				FRAMEWORK_SEARCH_PATHS = (
					"$(SDKROOT)/Developer/Library/Frameworks",
					"$(inherited)",
				);
				INFOPLIST_FILE = Tests/Info.plist;
				IPHONEOS_DEPLOYMENT_TARGET = 10.0;
				LD_RUNPATH_SEARCH_PATHS = "$(inherited) @executable_path/Frameworks @loader_path/Frameworks";
				PRODUCT_BUNDLE_IDENTIFIER = "org.cocoapods.$(PRODUCT_NAME:rfc1034identifier)";
				PRODUCT_NAME = "$(TARGET_NAME)";
				SWIFT_VERSION = 3.0;
				TEST_HOST = "$(BUILT_PRODUCTS_DIR)/CloverConnector_Example.app/CloverConnector_Example";
			};
			name = Release;
		};
/* End XCBuildConfiguration section */

/* Begin XCConfigurationList section */
		607FACCB1AFB9204008FA782 /* Build configuration list for PBXProject "CloverConnector" */ = {
			isa = XCConfigurationList;
			buildConfigurations = (
				607FACED1AFB9204008FA782 /* Debug */,
				607FACEE1AFB9204008FA782 /* Release */,
			);
			defaultConfigurationIsVisible = 0;
			defaultConfigurationName = Debug;
		};
		607FACEF1AFB9204008FA782 /* Build configuration list for PBXNativeTarget "CloverConnector_Example" */ = {
			isa = XCConfigurationList;
			buildConfigurations = (
				607FACF01AFB9204008FA782 /* Debug */,
				607FACF11AFB9204008FA782 /* Release */,
			);
			defaultConfigurationIsVisible = 0;
			defaultConfigurationName = Debug;
		};
		607FACF21AFB9204008FA782 /* Build configuration list for PBXNativeTarget "CloverConnector_Tests" */ = {
			isa = XCConfigurationList;
			buildConfigurations = (
				607FACF31AFB9204008FA782 /* Debug */,
				607FACF41AFB9204008FA782 /* Release */,
			);
			defaultConfigurationIsVisible = 0;
			defaultConfigurationName = Debug;
		};
/* End XCConfigurationList section */
	};
	rootObject = 607FACC81AFB9204008FA782 /* Project object */;
}
